{
  "name": "kempo-blog",
  "version": "0.1.2",
  "lockfileVersion": 3,
  "requires": true,
  "packages": {
    "": {
      "name": "kempo-blog",
      "version": "0.1.2",
      "license": "MIT",
      "dependencies": {
        "kempo-blog": "^0.1.0",
        "marked": "^18.0.1"
      }
    },
    "node_modules/kempo-blog": {
      "version": "0.1.0",
      "resolved": "https://registry.npmjs.org/kempo-blog/-/kempo-blog-0.1.0.tgz",
      "integrity": "sha512-1CmtVJQl+xXuwsIDZN1hrcI6l6c6E1YpfX9FAuKS8MqnUNsozOLwon6jN30VgRGwZLhrOeIRUelgQHkLm5cxkg==",
      "license": "MIT",
      "dependencies": {
        "marked": "^18.0.1"
      }
    },
    "node_modules/marked": {
      "version": "18.0.1",
      "resolved": "https://registry.npmjs.org/marked/-/marked-18.0.1.tgz",
      "integrity": "sha512-IILJE4Aap/KIGu4ZRCzQcYMxkhumblXnbqfQe+HAD4f982wrRAsJEGKGM653yAioS6g3Yq3yOhjrUebcrtOgRA==",
      "license": "MIT",
      "bin": {
        "marked": "bin/marked.js"
      },
      "engines": {
        "node": ">= 20"
      }
    }
  }
}
